
Microsoft Visual Studio Solution File, Format Version 12.00
# Visual Studio Version 17
VisualStudioVersion = 17.4.33103.184
MinimumVisualStudioVersion = 10.0.40219.1
Project("{FAE04EC0-301F-11D3-BF4B-00C04F79EFBC}") = "AdventOfCode2022-2", "AdventOfCode2022-2.csproj", "{962211C4-5429-4C58-B6F0-AAA9C2C8BA0F}"
EndProject
Global
	GlobalSection(SolutionConfigurationPlatforms) = preSolution
		Debug|Any CPU = Debug|Any CPU
		Release|Any CPU = Release|Any CPU
	EndGlobalSection
	GlobalSection(ProjectConfigurationPlatforms) = postSolution
		{962211C4-5429-4C58-B6F0-AAA9C2C8BA0F}.Debug|Any CPU.ActiveCfg = Debug|Any CPU
		{962211C4-5429-4C58-B6F0-AAA9C2C8BA0F}.Debug|Any CPU.Build.0 = Debug|Any CPU
		{962211C4-5429-4C58-B6F0-AAA9C2C8BA0F}.Release|Any CPU.ActiveCfg = Release|Any CPU
		{962211C4-5429-4C58-B6F0-AAA9C2C8BA0F}.Release|Any CPU.Build.0 = Release|Any CPU
	EndGlobalSection
	GlobalSection(SolutionProperties) = preSolution
		HideSolutionNode = FALSE
	EndGlobalSection
	GlobalSection(ExtensibilityGlobals) = postSolution
		SolutionGuid = {7B58A061-E25D-4329-AC1A-2C15458D323F}
	EndGlobalSection
EndGlobal
